github.com/HuKeping/rbtree v1.0.1 h1:u14dQbBeFlc8PAnyyaKmY6BLnjgR2Eq/VWE2pB20hZc=
github.com/HuKeping/rbtree v1.0.1/go.mod h1:2BStWbEvbyeaetkzQ+piwA6EGTmTgX7tal0dLYprQ0w=
golang.org/x/exp v0.0.0-20230905200255-921286631fa9 h1:GoHiUyI/Tp2nVkLI2mCxVkOjsbSXD66ic0XW0js0R9g=
golang.org/x/exp v0.0.0-20230905200255-921286631fa9/go.mod h1:S2oDrQGGwySpoQPVqRShND87VCbxmc6bL1Yd2oYrm6k=
